// !$*UTF8*$!
{
	archiveVersion = 1;
	classes = {
	};
	objectVersion = 50;
	objects = {

/* Begin PBXBuildFile section */
		B4C641B4268E3EE700526ED3 /* AppDelegate.swift in Sources */ = {isa = PBXBuildFile; fileRef = B4C641B3268E3EE700526ED3 /* AppDelegate.swift */; };
		B4C641B6268E3EE700526ED3 /* SceneDelegate.swift in Sources */ = {isa = PBXBuildFile; fileRef = B4C641B5268E3EE700526ED3 /* SceneDelegate.swift */; };
		B4C641BB268E3EE700526ED3 /* Main.storyboard in Resources */ = {isa = PBXBuildFile; fileRef = B4C641B9268E3EE700526ED3 /* Main.storyboard */; };
		B4C641BD268E3EEA00526ED3 /* Assets.xcassets in Resources */ = {isa = PBXBuildFile; fileRef = B4C641BC268E3EEA00526ED3 /* Assets.xcassets */; };
		B4C641C0268E3EEA00526ED3 /* LaunchScreen.storyboard in Resources */ = {isa = PBXBuildFile; fileRef = B4C641BE268E3EEA00526ED3 /* LaunchScreen.storyboard */; };
		B4C641C8268E43A300526ED3 /* MainViewController.swift in Sources */ = {isa = PBXBuildFile; fileRef = B4C641C7268E43A300526ED3 /* MainViewController.swift */; };
		B4C641CB268E449E00526ED3 /* MainTableViewCell.swift in Sources */ = {isa = PBXBuildFile; fileRef = B4C641CA268E449E00526ED3 /* MainTableViewCell.swift */; };
		B4C641CE268E44C900526ED3 /* TMDBApi.swift in Sources */ = {isa = PBXBuildFile; fileRef = B4C641CD268E44C900526ED3 /* TMDBApi.swift */; };
		B4C641D0268E48F900526ED3 /* MovieModel.swift in Sources */ = {isa = PBXBuildFile; fileRef = B4C641CF268E48F900526ED3 /* MovieModel.swift */; };
		B4C641D2268E7C0700526ED3 /* TMDBService.swift in Sources */ = {isa = PBXBuildFile; fileRef = B4C641D1268E7C0700526ED3 /* TMDBService.swift */; };
/* End PBXBuildFile section */

/* Begin PBXFileReference section */
		B4C641B0268E3EE700526ED3 /* TMDBApiConsuming.app */ = {isa = PBXFileReference; explicitFileType = wrapper.application; includeInIndex = 0; path = TMDBApiConsuming.app; sourceTree = BUILT_PRODUCTS_DIR; };
		B4C641B3268E3EE700526ED3 /* AppDelegate.swift */ = {isa = PBXFileReference; lastKnownFileType = sourcecode.swift; path = AppDelegate.swift; sourceTree = "<group>"; };
		B4C641B5268E3EE700526ED3 /* SceneDelegate.swift */ = {isa = PBXFileReference; lastKnownFileType = sourcecode.swift; path = SceneDelegate.swift; sourceTree = "<group>"; };
		B4C641BA268E3EE700526ED3 /* Base */ = {isa = PBXFileReference; lastKnownFileType = file.storyboard; name = Base; path = Base.lproj/Main.storyboard; sourceTree = "<group>"; };
		B4C641BC268E3EEA00526ED3 /* Assets.xcassets */ = {isa = PBXFileReference; lastKnownFileType = folder.assetcatalog; path = Assets.xcassets; sourceTree = "<group>"; };
		B4C641BF268E3EEA00526ED3 /* Base */ = {isa = PBXFileReference; lastKnownFileType = file.storyboard; name = Base; path = Base.lproj/LaunchScreen.storyboard; sourceTree = "<group>"; };
		B4C641C1268E3EEA00526ED3 /* Info.plist */ = {isa = PBXFileReference; lastKnownFileType = text.plist.xml; path = Info.plist; sourceTree = "<group>"; };
		B4C641C7268E43A300526ED3 /* MainViewController.swift */ = {isa = PBXFileReference; lastKnownFileType = sourcecode.swift; path = MainViewController.swift; sourceTree = "<group>"; };
		B4C641CA268E449E00526ED3 /* MainTableViewCell.swift */ = {isa = PBXFileReference; lastKnownFileType = sourcecode.swift; path = MainTableViewCell.swift; sourceTree = "<group>"; };
		B4C641CD268E44C900526ED3 /* TMDBApi.swift */ = {isa = PBXFileReference; lastKnownFileType = sourcecode.swift; path = TMDBApi.swift; sourceTree = "<group>"; };
		B4C641CF268E48F900526ED3 /* MovieModel.swift */ = {isa = PBXFileReference; lastKnownFileType = sourcecode.swift; path = MovieModel.swift; sourceTree = "<group>"; };
		B4C641D1268E7C0700526ED3 /* TMDBService.swift */ = {isa = PBXFileReference; lastKnownFileType = sourcecode.swift; path = TMDBService.swift; sourceTree = "<group>"; };
/* End PBXFileReference section */

/* Begin PBXFrameworksBuildPhase section */
		B4C641AD268E3EE700526ED3 /* Frameworks */ = {
			isa = PBXFrameworksBuildPhase;
			buildActionMask = 2147483647;
			files = (
			);
			runOnlyForDeploymentPostprocessing = 0;
		};
/* End PBXFrameworksBuildPhase section */

/* Begin PBXGroup section */
		B4C641A7268E3EE700526ED3 = {
			isa = PBXGroup;
			children = (
				B4C641B2268E3EE700526ED3 /* TMDBApiConsuming */,
				B4C641B1268E3EE700526ED3 /* Products */,
			);
			sourceTree = "<group>";
		};
		B4C641B1268E3EE700526ED3 /* Products */ = {
			isa = PBXGroup;
			children = (
				B4C641B0268E3EE700526ED3 /* TMDBApiConsuming.app */,
			);
			name = Products;
			sourceTree = "<group>";
		};
		B4C641B2268E3EE700526ED3 /* TMDBApiConsuming */ = {
			isa = PBXGroup;
			children = (
				B4C641D3268E7EC300526ED3 /* Models */,
				B4C641CC268E44B900526ED3 /* TMDB */,
				B4C641C9268E43A700526ED3 /* Main */,
				B4C641B3268E3EE700526ED3 /* AppDelegate.swift */,
				B4C641B5268E3EE700526ED3 /* SceneDelegate.swift */,
				B4C641BC268E3EEA00526ED3 /* Assets.xcassets */,
				B4C641BE268E3EEA00526ED3 /* LaunchScreen.storyboard */,
				B4C641C1268E3EEA00526ED3 /* Info.plist */,
			);
			path = TMDBApiConsuming;
			sourceTree = "<group>";
		};
		B4C641C9268E43A700526ED3 /* Main */ = {
			isa = PBXGroup;
			children = (
				B4C641B9268E3EE700526ED3 /* Main.storyboard */,
				B4C641C7268E43A300526ED3 /* MainViewController.swift */,
				B4C641CA268E449E00526ED3 /* MainTableViewCell.swift */,
			);
			path = Main;
			sourceTree = "<group>";
		};
		B4C641CC268E44B900526ED3 /* TMDB */ = {
			isa = PBXGroup;
			children = (
				B4C641CD268E44C900526ED3 /* TMDBApi.swift */,
				B4C641D1268E7C0700526ED3 /* TMDBService.swift */,
			);
			path = TMDB;
			sourceTree = "<group>";
		};
		B4C641D3268E7EC300526ED3 /* Models */ = {
			isa = PBXGroup;
			children = (
				B4C641CF268E48F900526ED3 /* MovieModel.swift */,
			);
			path = Models;
			sourceTree = "<group>";
		};
/* End PBXGroup section */

/* Begin PBXNativeTarget section */
		B4C641AF268E3EE700526ED3 /* TMDBApiConsuming */ = {
			isa = PBXNativeTarget;
			buildConfigurationList = B4C641C4268E3EEA00526ED3 /* Build configuration list for PBXNativeTarget "TMDBApiConsuming" */;
			buildPhases = (
				B4C641AC268E3EE700526ED3 /* Sources */,
				B4C641AD268E3EE700526ED3 /* Frameworks */,
				B4C641AE268E3EE700526ED3 /* Resources */,
			);
			buildRules = (
			);
			dependencies = (
			);
			name = TMDBApiConsuming;
			productName = TMDBApiConsuming;
			productReference = B4C641B0268E3EE700526ED3 /* TMDBApiConsuming.app */;
			productType = "com.apple.product-type.application";
		};
/* End PBXNativeTarget section */

/* Begin PBXProject section */
		B4C641A8268E3EE700526ED3 /* Project object */ = {
			isa = PBXProject;
			attributes = {
				LastSwiftUpdateCheck = 1250;
				LastUpgradeCheck = 1250;
				TargetAttributes = {
					B4C641AF268E3EE700526ED3 = {
						CreatedOnToolsVersion = 12.5.1;
					};
				};
			};
			buildConfigurationList = B4C641AB268E3EE700526ED3 /* Build configuration list for PBXProject "TMDBApiConsuming" */;
			compatibilityVersion = "Xcode 9.3";
			developmentRegion = en;
			hasScannedForEncodings = 0;
			knownRegions = (
				en,
				Base,
			);
			mainGroup = B4C641A7268E3EE700526ED3;
			productRefGroup = B4C641B1268E3EE700526ED3 /* Products */;
			projectDirPath = "";
			projectRoot = "";
			targets = (
				B4C641AF268E3EE700526ED3 /* TMDBApiConsuming */,
			);
		};
/* End PBXProject section */

/* Begin PBXResourcesBuildPhase section */
		B4C641AE268E3EE700526ED3 /* Resources */ = {
			isa = PBXResourcesBuildPhase;
			buildActionMask = 2147483647;
			files = (
				B4C641C0268E3EEA00526ED3 /* LaunchScreen.storyboard in Resources */,
				B4C641BD268E3EEA00526ED3 /* Assets.xcassets in Resources */,
				B4C641BB268E3EE700526ED3 /* Main.storyboard in Resources */,
			);
			runOnlyForDeploymentPostprocessing = 0;
		};
/* End PBXResourcesBuildPhase section */

/* Begin PBXSourcesBuildPhase section */
		B4C641AC268E3EE700526ED3 /* Sources */ = {
			isa = PBXSourcesBuildPhase;
			buildActionMask = 2147483647;
			files = (
				B4C641D0268E48F900526ED3 /* MovieModel.swift in Sources */,
				B4C641B4268E3EE700526ED3 /* AppDelegate.swift in Sources */,
				B4C641B6268E3EE700526ED3 /* SceneDelegate.swift in Sources */,
				B4C641C8268E43A300526ED3 /* MainViewController.swift in Sources */,
				B4C641CB268E449E00526ED3 /* MainTableViewCell.swift in Sources */,
				B4C641D2268E7C0700526ED3 /* TMDBService.swift in Sources */,
				B4C641CE268E44C900526ED3 /* TMDBApi.swift in Sources */,
			);
			runOnlyForDeploymentPostprocessing = 0;
		};
/* End PBXSourcesBuildPhase section */

/* Begin PBXVariantGroup section */
		B4C641B9268E3EE700526ED3 /* Main.storyboard */ = {
			isa = PBXVariantGroup;
			children = (
				B4C641BA268E3EE700526ED3 /* Base */,
			);
			name = Main.storyboard;
			sourceTree = "<group>";
		};
		B4C641BE268E3EEA00526ED3 /* LaunchScreen.storyboard */ = {
			isa = PBXVariantGroup;
			children = (
				B4C641BF268E3EEA00526ED3 /* Base */,
			);
			name = LaunchScreen.storyboard;
			sourceTree = "<group>";
		};
/* End PBXVariantGroup section */

/* Begin XCBuildConfiguration section */
		B4C641C2268E3EEA00526ED3 /* Debug */ = {
			isa = XCBuildConfiguration;
			buildSettings = {
				ALWAYS_SEARCH_USER_PATHS = NO;
				CLANG_ANALYZER_NONNULL = YES;
				CLANG_ANALYZER_NUMBER_OBJECT_CONVERSION = YES_AGGRESSIVE;
				CLANG_CXX_LANGUAGE_STANDARD = "gnu++14";
				CLANG_CXX_LIBRARY = "libc++";
				CLANG_ENABLE_MODULES = YES;
				CLANG_ENABLE_OBJC_ARC = YES;
				CLANG_ENABLE_OBJC_WEAK = YES;
				CLANG_WARN_BLOCK_CAPTURE_AUTORELEASING = YES;
				CLANG_WARN_BOOL_CONVERSION = YES;
				CLANG_WARN_COMMA = YES;
				CLANG_WARN_CONSTANT_CONVERSION = YES;
				CLANG_WARN_DEPRECATED_OBJC_IMPLEMENTATIONS = YES;
				CLANG_WARN_DIRECT_OBJC_ISA_USAGE = YES_ERROR;
				CLANG_WARN_DOCUMENTATION_COMMENTS = YES;
				CLANG_WARN_EMPTY_BODY = YES;
				CLANG_WARN_ENUM_CONVERSION = YES;
				CLANG_WARN_INFINITE_RECURSION = YES;
				CLANG_WARN_INT_CONVERSION = YES;
				CLANG_WARN_NON_LITERAL_NULL_CONVERSION = YES;
				CLANG_WARN_OBJC_IMPLICIT_RETAIN_SELF = YES;
				CLANG_WARN_OBJC_LITERAL_CONVERSION = YES;
				CLANG_WARN_OBJC_ROOT_CLASS = YES_ERROR;
				CLANG_WARN_QUOTED_INCLUDE_IN_FRAMEWORK_HEADER = YES;
				CLANG_WARN_RANGE_LOOP_ANALYSIS = YES;
				CLANG_WARN_STRICT_PROTOTYPES = YES;
				CLANG_WARN_SUSPICIOUS_MOVE = YES;
				CLANG_WARN_UNGUARDED_AVAILABILITY = YES_AGGRESSIVE;
				CLANG_WARN_UNREACHABLE_CODE = YES;
				CLANG_WARN__DUPLICATE_METHOD_MATCH = YES;
				COPY_PHASE_STRIP = NO;
				DEBUG_INFORMATION_FORMAT = dwarf;
				ENABLE_STRICT_OBJC_MSGSEND = YES;
				ENABLE_TESTABILITY = YES;
				GCC_C_LANGUAGE_STANDARD = gnu11;
				GCC_DYNAMIC_NO_PIC = NO;
				GCC_NO_COMMON_BLOCKS = YES;
				GCC_OPTIMIZATION_LEVEL = 0;
				GCC_PREPROCESSOR_DEFINITIONS = (
					"DEBUG=1",
					"$(inherited)",
				);
				GCC_WARN_64_TO_32_BIT_CONVERSION = YES;
				GCC_WARN_ABOUT_RETURN_TYPE = YES_ERROR;
				GCC_WARN_UNDECLARED_SELECTOR = YES;
				GCC_WARN_UNINITIALIZED_AUTOS = YES_AGGRESSIVE;
				GCC_WARN_UNUSED_FUNCTION = YES;
				GCC_WARN_UNUSED_VARIABLE = YES;
				IPHONEOS_DEPLOYMENT_TARGET = 14.5;
				MTL_ENABLE_DEBUG_INFO = INCLUDE_SOURCE;
				MTL_FAST_MATH = YES;
				ONLY_ACTIVE_ARCH = YES;
				SDKROOT = iphoneos;
				SWIFT_ACTIVE_COMPILATION_CONDITIONS = DEBUG;
				SWIFT_OPTIMIZATION_LEVEL = "-Onone";
			};
			name = Debug;
		};
		B4C641C3268E3EEA00526ED3 /* Release */ = {
			isa = XCBuildConfiguration;
			buildSettings = {
				ALWAYS_SEARCH_USER_PATHS = NO;
				CLANG_ANALYZER_NONNULL = YES;
				CLANG_ANALYZER_NUMBER_OBJECT_CONVERSION = YES_AGGRESSIVE;
				CLANG_CXX_LANGUAGE_STANDARD = "gnu++14";
				CLANG_CXX_LIBRARY = "libc++";
				CLANG_ENABLE_MODULES = YES;
				CLANG_ENABLE_OBJC_ARC = YES;
				CLANG_ENABLE_OBJC_WEAK = YES;
				CLANG_WARN_BLOCK_CAPTURE_AUTORELEASING = YES;
				CLANG_WARN_BOOL_CONVERSION = YES;
				CLANG_WARN_COMMA = YES;
				CLANG_WARN_CONSTANT_CONVERSION = YES;
				CLANG_WARN_DEPRECATED_OBJC_IMPLEMENTATIONS = YES;
				CLANG_WARN_DIRECT_OBJC_ISA_USAGE = YES_ERROR;
				CLANG_WARN_DOCUMENTATION_COMMENTS = YES;
				CLANG_WARN_EMPTY_BODY = YES;
				CLANG_WARN_ENUM_CONVERSION = YES;
				CLANG_WARN_INFINITE_RECURSION = YES;
				CLANG_WARN_INT_CONVERSION = YES;
				CLANG_WARN_NON_LITERAL_NULL_CONVERSION = YES;
				CLANG_WARN_OBJC_IMPLICIT_RETAIN_SELF = YES;
				CLANG_WARN_OBJC_LITERAL_CONVERSION = YES;
				CLANG_WARN_OBJC_ROOT_CLASS = YES_ERROR;
				CLANG_WARN_QUOTED_INCLUDE_IN_FRAMEWORK_HEADER = YES;
				CLANG_WARN_RANGE_LOOP_ANALYSIS = YES;
				CLANG_WARN_STRICT_PROTOTYPES = YES;
				CLANG_WARN_SUSPICIOUS_MOVE = YES;
				CLANG_WARN_UNGUARDED_AVAILABILITY = YES_AGGRESSIVE;
				CLANG_WARN_UNREACHABLE_CODE = YES;
				CLANG_WARN__DUPLICATE_METHOD_MATCH = YES;
				COPY_PHASE_STRIP = NO;
				DEBUG_INFORMATION_FORMAT = "dwarf-with-dsym";
				ENABLE_NS_ASSERTIONS = NO;
				ENABLE_STRICT_OBJC_MSGSEND = YES;
				GCC_C_LANGUAGE_STANDARD = gnu11;
				GCC_NO_COMMON_BLOCKS = YES;
				GCC_WARN_64_TO_32_BIT_CONVERSION = YES;
				GCC_WARN_ABOUT_RETURN_TYPE = YES_ERROR;
				GCC_WARN_UNDECLARED_SELECTOR = YES;
				GCC_WARN_UNINITIALIZED_AUTOS = YES_AGGRESSIVE;
				GCC_WARN_UNUSED_FUNCTION = YES;
				GCC_WARN_UNUSED_VARIABLE = YES;
				IPHONEOS_DEPLOYMENT_TARGET = 14.5;
				MTL_ENABLE_DEBUG_INFO = NO;
				MTL_FAST_MATH = YES;
				SDKROOT = iphoneos;
				SWIFT_COMPILATION_MODE = wholemodule;
				SWIFT_OPTIMIZATION_LEVEL = "-O";
				VALIDATE_PRODUCT = YES;
			};
			name = Release;
		};
		B4C641C5268E3EEA00526ED3 /* Debug */ = {
			isa = XCBuildConfiguration;
			buildSettings = {
				ASSETCATALOG_COMPILER_APPICON_NAME = AppIcon;
				ASSETCATALOG_COMPILER_GLOBAL_ACCENT_COLOR_NAME = AccentColor;
				CODE_SIGN_STYLE = Automatic;
				DEVELOPMENT_TEAM = CUXQ8WM7SV;
				INFOPLIST_FILE = TMDBApiConsuming/Info.plist;
				LD_RUNPATH_SEARCH_PATHS = (
					"$(inherited)",
					"@executable_path/Frameworks",
				);
				PRODUCT_BUNDLE_IDENTIFIER = JoaoBrentano.TMDBApiConsuming;
				PRODUCT_NAME = "$(TARGET_NAME)";
				SWIFT_VERSION = 5.0;
				TARGETED_DEVICE_FAMILY = 1;
			};
			name = Debug;
		};
		B4C641C6268E3EEA00526ED3 /* Release */ = {
			isa = XCBuildConfiguration;
			buildSettings = {
				ASSETCATALOG_COMPILER_APPICON_NAME = AppIcon;
				ASSETCATALOG_COMPILER_GLOBAL_ACCENT_COLOR_NAME = AccentColor;
				CODE_SIGN_STYLE = Automatic;
				DEVELOPMENT_TEAM = CUXQ8WM7SV;
				INFOPLIST_FILE = TMDBApiConsuming/Info.plist;
				LD_RUNPATH_SEARCH_PATHS = (
					"$(inherited)",
					"@executable_path/Frameworks",
				);
				PRODUCT_BUNDLE_IDENTIFIER = JoaoBrentano.TMDBApiConsuming;
				PRODUCT_NAME = "$(TARGET_NAME)";
				SWIFT_VERSION = 5.0;
				TARGETED_DEVICE_FAMILY = 1;
			};
			name = Release;
		};
/* End XCBuildConfiguration section */

/* Begin XCConfigurationList section */
		B4C641AB268E3EE700526ED3 /* Build configuration list for PBXProject "TMDBApiConsuming" */ = {
			isa = XCConfigurationList;
			buildConfigurations = (
				B4C641C2268E3EEA00526ED3 /* Debug */,
				B4C641C3268E3EEA00526ED3 /* Release */,
			);
			defaultConfigurationIsVisible = 0;
			defaultConfigurationName = Release;
		};
		B4C641C4268E3EEA00526ED3 /* Build configuration list for PBXNativeTarget "TMDBApiConsuming" */ = {
			isa = XCConfigurationList;
			buildConfigurations = (
				B4C641C5268E3EEA00526ED3 /* Debug */,
				B4C641C6268E3EEA00526ED3 /* Release */,
			);
			defaultConfigurationIsVisible = 0;
			defaultConfigurationName = Release;
		};
/* End XCConfigurationList section */
	};
	rootObject = B4C641A8268E3EE700526ED3 /* Project object */;
}
